// !$*UTF8*$!
{
	archiveVersion = 1;
	classes = {
	};
	objectVersion = 56;
	objects = {

/* Begin PBXBuildFile section */
		62619D4A2A38C46300CF472D /* yogiyoApp.swift in Sources */ = {isa = PBXBuildFile; fileRef = 62619D492A38C46300CF472D /* yogiyoApp.swift */; };
		62619D4C2A38C46300CF472D /* HomeView.swift in Sources */ = {isa = PBXBuildFile; fileRef = 62619D4B2A38C46300CF472D /* HomeView.swift */; };
		62619D4E2A38C46400CF472D /* Assets.xcassets in Resources */ = {isa = PBXBuildFile; fileRef = 62619D4D2A38C46400CF472D /* Assets.xcassets */; };
		62619D512A38C46400CF472D /* Preview Assets.xcassets in Resources */ = {isa = PBXBuildFile; fileRef = 62619D502A38C46400CF472D /* Preview Assets.xcassets */; };
		62619D5C2A38C4EC00CF472D /* YogiyoModel.swift in Sources */ = {isa = PBXBuildFile; fileRef = 62619D5B2A38C4EC00CF472D /* YogiyoModel.swift */; };
		62619D5E2A38C5C800CF472D /* YogiyoViewViewModel.swift in Sources */ = {isa = PBXBuildFile; fileRef = 62619D5D2A38C5C800CF472D /* YogiyoViewViewModel.swift */; };
		62619D622A38C63800CF472D /* PickView.swift in Sources */ = {isa = PBXBuildFile; fileRef = 62619D612A38C63800CF472D /* PickView.swift */; };
		62619D642A38C7E700CF472D /* TabBar.swift in Sources */ = {isa = PBXBuildFile; fileRef = 62619D632A38C7E700CF472D /* TabBar.swift */; };
		6277C06C2A38E01D00A99EB0 /* RestaurantListView.swift in Sources */ = {isa = PBXBuildFile; fileRef = 6277C06B2A38E01D00A99EB0 /* RestaurantListView.swift */; };
/* End PBXBuildFile section */

/* Begin PBXFileReference section */
		62619D462A38C46300CF472D /* yogiyo.app */ = {isa = PBXFileReference; explicitFileType = wrapper.application; includeInIndex = 0; path = yogiyo.app; sourceTree = BUILT_PRODUCTS_DIR; };
		62619D492A38C46300CF472D /* yogiyoApp.swift */ = {isa = PBXFileReference; lastKnownFileType = sourcecode.swift; path = yogiyoApp.swift; sourceTree = "<group>"; };
		62619D4B2A38C46300CF472D /* HomeView.swift */ = {isa = PBXFileReference; lastKnownFileType = sourcecode.swift; path = HomeView.swift; sourceTree = "<group>"; };
		62619D4D2A38C46400CF472D /* Assets.xcassets */ = {isa = PBXFileReference; lastKnownFileType = folder.assetcatalog; path = Assets.xcassets; sourceTree = "<group>"; };
		62619D502A38C46400CF472D /* Preview Assets.xcassets */ = {isa = PBXFileReference; lastKnownFileType = folder.assetcatalog; path = "Preview Assets.xcassets"; sourceTree = "<group>"; };
		62619D5B2A38C4EC00CF472D /* YogiyoModel.swift */ = {isa = PBXFileReference; lastKnownFileType = sourcecode.swift; path = YogiyoModel.swift; sourceTree = "<group>"; };
		62619D5D2A38C5C800CF472D /* YogiyoViewViewModel.swift */ = {isa = PBXFileReference; lastKnownFileType = sourcecode.swift; path = YogiyoViewViewModel.swift; sourceTree = "<group>"; };
		62619D612A38C63800CF472D /* PickView.swift */ = {isa = PBXFileReference; lastKnownFileType = sourcecode.swift; path = PickView.swift; sourceTree = "<group>"; };
		62619D632A38C7E700CF472D /* TabBar.swift */ = {isa = PBXFileReference; lastKnownFileType = sourcecode.swift; path = TabBar.swift; sourceTree = "<group>"; };
		6277C06B2A38E01D00A99EB0 /* RestaurantListView.swift */ = {isa = PBXFileReference; lastKnownFileType = sourcecode.swift; path = RestaurantListView.swift; sourceTree = "<group>"; usesTabs = 0; };
/* End PBXFileReference section */

/* Begin PBXFrameworksBuildPhase section */
		62619D432A38C46300CF472D /* Frameworks */ = {
			isa = PBXFrameworksBuildPhase;
			buildActionMask = 2147483647;
			files = (
			);
			runOnlyForDeploymentPostprocessing = 0;
		};
/* End PBXFrameworksBuildPhase section */

/* Begin PBXGroup section */
		62619D3D2A38C46300CF472D = {
			isa = PBXGroup;
			children = (
				62619D482A38C46300CF472D /* yogiyo */,
				62619D472A38C46300CF472D /* Products */,
			);
			sourceTree = "<group>";
		};
		62619D472A38C46300CF472D /* Products */ = {
			isa = PBXGroup;
			children = (
				62619D462A38C46300CF472D /* yogiyo.app */,
			);
			name = Products;
			sourceTree = "<group>";
		};
		62619D482A38C46300CF472D /* yogiyo */ = {
			isa = PBXGroup;
			children = (
				62619D5A2A38C4D200CF472D /* App */,
				62619D592A38C4CC00CF472D /* Model */,
				62619D582A38C4C600CF472D /* Viewmodel */,
				62619D572A38C4B900CF472D /* View */,
				62619D4D2A38C46400CF472D /* Assets.xcassets */,
				62619D4F2A38C46400CF472D /* Preview Content */,
			);
			path = yogiyo;
			sourceTree = "<group>";
		};
		62619D4F2A38C46400CF472D /* Preview Content */ = {
			isa = PBXGroup;
			children = (
				62619D502A38C46400CF472D /* Preview Assets.xcassets */,
			);
			path = "Preview Content";
			sourceTree = "<group>";
		};
		62619D572A38C4B900CF472D /* View */ = {
			isa = PBXGroup;
			children = (
				62619D602A38C61100CF472D /* PickView */,
				62619D5F2A38C60500CF472D /* HomeView */,
			);
			path = View;
			sourceTree = "<group>";
		};
		62619D582A38C4C600CF472D /* Viewmodel */ = {
			isa = PBXGroup;
			children = (
				62619D5D2A38C5C800CF472D /* YogiyoViewViewModel.swift */,
			);
			path = Viewmodel;
			sourceTree = "<group>";
		};
		62619D592A38C4CC00CF472D /* Model */ = {
			isa = PBXGroup;
			children = (
				62619D5B2A38C4EC00CF472D /* YogiyoModel.swift */,
			);
			path = Model;
			sourceTree = "<group>";
		};
		62619D5A2A38C4D200CF472D /* App */ = {
			isa = PBXGroup;
			children = (
				62619D492A38C46300CF472D /* yogiyoApp.swift */,
				62619D632A38C7E700CF472D /* TabBar.swift */,
			);
			path = App;
			sourceTree = "<group>";
		};
		62619D5F2A38C60500CF472D /* HomeView */ = {
			isa = PBXGroup;
			children = (
				62619D4B2A38C46300CF472D /* HomeView.swift */,
				6277C06B2A38E01D00A99EB0 /* RestaurantListView.swift */,
			);
			path = HomeView;
			sourceTree = "<group>";
		};
		62619D602A38C61100CF472D /* PickView */ = {
			isa = PBXGroup;
			children = (
				62619D612A38C63800CF472D /* PickView.swift */,
			);
			path = PickView;
			sourceTree = "<group>";
		};
/* End PBXGroup section */

/* Begin PBXNativeTarget section */
		62619D452A38C46300CF472D /* yogiyo */ = {
			isa = PBXNativeTarget;
			buildConfigurationList = 62619D542A38C46400CF472D /* Build configuration list for PBXNativeTarget "yogiyo" */;
			buildPhases = (
				62619D422A38C46300CF472D /* Sources */,
				62619D432A38C46300CF472D /* Frameworks */,
				62619D442A38C46300CF472D /* Resources */,
			);
			buildRules = (
			);
			dependencies = (
			);
			name = yogiyo;
			productName = yogiyo;
			productReference = 62619D462A38C46300CF472D /* yogiyo.app */;
			productType = "com.apple.product-type.application";
		};
/* End PBXNativeTarget section */

/* Begin PBXProject section */
		62619D3E2A38C46300CF472D /* Project object */ = {
			isa = PBXProject;
			attributes = {
				BuildIndependentTargetsInParallel = 1;
				LastSwiftUpdateCheck = 1430;
				LastUpgradeCheck = 1430;
				TargetAttributes = {
					62619D452A38C46300CF472D = {
						CreatedOnToolsVersion = 14.3.1;
					};
				};
			};
			buildConfigurationList = 62619D412A38C46300CF472D /* Build configuration list for PBXProject "yogiyo" */;
			compatibilityVersion = "Xcode 14.0";
			developmentRegion = en;
			hasScannedForEncodings = 0;
			knownRegions = (
				en,
				Base,
			);
			mainGroup = 62619D3D2A38C46300CF472D;
			productRefGroup = 62619D472A38C46300CF472D /* Products */;
			projectDirPath = "";
			projectRoot = "";
			targets = (
				62619D452A38C46300CF472D /* yogiyo */,
			);
		};
/* End PBXProject section */

/* Begin PBXResourcesBuildPhase section */
		62619D442A38C46300CF472D /* Resources */ = {
			isa = PBXResourcesBuildPhase;
			buildActionMask = 2147483647;
			files = (
				62619D512A38C46400CF472D /* Preview Assets.xcassets in Resources */,
				62619D4E2A38C46400CF472D /* Assets.xcassets in Resources */,
			);
			runOnlyForDeploymentPostprocessing = 0;
		};
/* End PBXResourcesBuildPhase section */

/* Begin PBXSourcesBuildPhase section */
		62619D422A38C46300CF472D /* Sources */ = {
			isa = PBXSourcesBuildPhase;
			buildActionMask = 2147483647;
			files = (
				6277C06C2A38E01D00A99EB0 /* RestaurantListView.swift in Sources */,
				62619D4C2A38C46300CF472D /* HomeView.swift in Sources */,
				62619D4A2A38C46300CF472D /* yogiyoApp.swift in Sources */,
				62619D5C2A38C4EC00CF472D /* YogiyoModel.swift in Sources */,
				62619D642A38C7E700CF472D /* TabBar.swift in Sources */,
				62619D5E2A38C5C800CF472D /* YogiyoViewViewModel.swift in Sources */,
				62619D622A38C63800CF472D /* PickView.swift in Sources */,
			);
			runOnlyForDeploymentPostprocessing = 0;
		};
/* End PBXSourcesBuildPhase section */

/* Begin XCBuildConfiguration section */
		62619D522A38C46400CF472D /* Debug */ = {
			isa = XCBuildConfiguration;
			buildSettings = {
				ALWAYS_SEARCH_USER_PATHS = NO;
				CLANG_ANALYZER_NONNULL = YES;
				CLANG_ANALYZER_NUMBER_OBJECT_CONVERSION = YES_AGGRESSIVE;
				CLANG_CXX_LANGUAGE_STANDARD = "gnu++20";
				CLANG_ENABLE_MODULES = YES;
				CLANG_ENABLE_OBJC_ARC = YES;
				CLANG_ENABLE_OBJC_WEAK = YES;
				CLANG_WARN_BLOCK_CAPTURE_AUTORELEASING = YES;
				CLANG_WARN_BOOL_CONVERSION = YES;
				CLANG_WARN_COMMA = YES;
				CLANG_WARN_CONSTANT_CONVERSION = YES;
				CLANG_WARN_DEPRECATED_OBJC_IMPLEMENTATIONS = YES;
				CLANG_WARN_DIRECT_OBJC_ISA_USAGE = YES_ERROR;
				CLANG_WARN_DOCUMENTATION_COMMENTS = YES;
				CLANG_WARN_EMPTY_BODY = YES;
				CLANG_WARN_ENUM_CONVERSION = YES;
				CLANG_WARN_INFINITE_RECURSION = YES;
				CLANG_WARN_INT_CONVERSION = YES;
				CLANG_WARN_NON_LITERAL_NULL_CONVERSION = YES;
				CLANG_WARN_OBJC_IMPLICIT_RETAIN_SELF = YES;
				CLANG_WARN_OBJC_LITERAL_CONVERSION = YES;
				CLANG_WARN_OBJC_ROOT_CLASS = YES_ERROR;
				CLANG_WARN_QUOTED_INCLUDE_IN_FRAMEWORK_HEADER = YES;
				CLANG_WARN_RANGE_LOOP_ANALYSIS = YES;
				CLANG_WARN_STRICT_PROTOTYPES = YES;
				CLANG_WARN_SUSPICIOUS_MOVE = YES;
				CLANG_WARN_UNGUARDED_AVAILABILITY = YES_AGGRESSIVE;
				CLANG_WARN_UNREACHABLE_CODE = YES;
				CLANG_WARN__DUPLICATE_METHOD_MATCH = YES;
				COPY_PHASE_STRIP = NO;
				DEBUG_INFORMATION_FORMAT = dwarf;
				ENABLE_STRICT_OBJC_MSGSEND = YES;
				ENABLE_TESTABILITY = YES;
				GCC_C_LANGUAGE_STANDARD = gnu11;
				GCC_DYNAMIC_NO_PIC = NO;
				GCC_NO_COMMON_BLOCKS = YES;
				GCC_OPTIMIZATION_LEVEL = 0;
				GCC_PREPROCESSOR_DEFINITIONS = (
					"DEBUG=1",
					"$(inherited)",
				);
				GCC_WARN_64_TO_32_BIT_CONVERSION = YES;
				GCC_WARN_ABOUT_RETURN_TYPE = YES_ERROR;
				GCC_WARN_UNDECLARED_SELECTOR = YES;
				GCC_WARN_UNINITIALIZED_AUTOS = YES_AGGRESSIVE;
				GCC_WARN_UNUSED_FUNCTION = YES;
				GCC_WARN_UNUSED_VARIABLE = YES;
				IPHONEOS_DEPLOYMENT_TARGET = 16.4;
				MTL_ENABLE_DEBUG_INFO = INCLUDE_SOURCE;
				MTL_FAST_MATH = YES;
				ONLY_ACTIVE_ARCH = YES;
				SDKROOT = iphoneos;
				SWIFT_ACTIVE_COMPILATION_CONDITIONS = DEBUG;
				SWIFT_OPTIMIZATION_LEVEL = "-Onone";
			};
			name = Debug;
		};
		62619D532A38C46400CF472D /* Release */ = {
			isa = XCBuildConfiguration;
			buildSettings = {
				ALWAYS_SEARCH_USER_PATHS = NO;
				CLANG_ANALYZER_NONNULL = YES;
				CLANG_ANALYZER_NUMBER_OBJECT_CONVERSION = YES_AGGRESSIVE;
				CLANG_CXX_LANGUAGE_STANDARD = "gnu++20";
				CLANG_ENABLE_MODULES = YES;
				CLANG_ENABLE_OBJC_ARC = YES;
				CLANG_ENABLE_OBJC_WEAK = YES;
				CLANG_WARN_BLOCK_CAPTURE_AUTORELEASING = YES;
				CLANG_WARN_BOOL_CONVERSION = YES;
				CLANG_WARN_COMMA = YES;
				CLANG_WARN_CONSTANT_CONVERSION = YES;
				CLANG_WARN_DEPRECATED_OBJC_IMPLEMENTATIONS = YES;
				CLANG_WARN_DIRECT_OBJC_ISA_USAGE = YES_ERROR;
				CLANG_WARN_DOCUMENTATION_COMMENTS = YES;
				CLANG_WARN_EMPTY_BODY = YES;
				CLANG_WARN_ENUM_CONVERSION = YES;
				CLANG_WARN_INFINITE_RECURSION = YES;
				CLANG_WARN_INT_CONVERSION = YES;
				CLANG_WARN_NON_LITERAL_NULL_CONVERSION = YES;
				CLANG_WARN_OBJC_IMPLICIT_RETAIN_SELF = YES;
				CLANG_WARN_OBJC_LITERAL_CONVERSION = YES;
				CLANG_WARN_OBJC_ROOT_CLASS = YES_ERROR;
				CLANG_WARN_QUOTED_INCLUDE_IN_FRAMEWORK_HEADER = YES;
				CLANG_WARN_RANGE_LOOP_ANALYSIS = YES;
				CLANG_WARN_STRICT_PROTOTYPES = YES;
				CLANG_WARN_SUSPICIOUS_MOVE = YES;
				CLANG_WARN_UNGUARDED_AVAILABILITY = YES_AGGRESSIVE;
				CLANG_WARN_UNREACHABLE_CODE = YES;
				CLANG_WARN__DUPLICATE_METHOD_MATCH = YES;
				COPY_PHASE_STRIP = NO;
				DEBUG_INFORMATION_FORMAT = "dwarf-with-dsym";
				ENABLE_NS_ASSERTIONS = NO;
				ENABLE_STRICT_OBJC_MSGSEND = YES;
				GCC_C_LANGUAGE_STANDARD = gnu11;
				GCC_NO_COMMON_BLOCKS = YES;
				GCC_WARN_64_TO_32_BIT_CONVERSION = YES;
				GCC_WARN_ABOUT_RETURN_TYPE = YES_ERROR;
				GCC_WARN_UNDECLARED_SELECTOR = YES;
				GCC_WARN_UNINITIALIZED_AUTOS = YES_AGGRESSIVE;
				GCC_WARN_UNUSED_FUNCTION = YES;
				GCC_WARN_UNUSED_VARIABLE = YES;
				IPHONEOS_DEPLOYMENT_TARGET = 16.4;
				MTL_ENABLE_DEBUG_INFO = NO;
				MTL_FAST_MATH = YES;
				SDKROOT = iphoneos;
				SWIFT_COMPILATION_MODE = wholemodule;
				SWIFT_OPTIMIZATION_LEVEL = "-O";
				VALIDATE_PRODUCT = YES;
			};
			name = Release;
		};
		62619D552A38C46400CF472D /* Debug */ = {
			isa = XCBuildConfiguration;
			buildSettings = {
				ASSETCATALOG_COMPILER_APPICON_NAME = AppIcon;
				ASSETCATALOG_COMPILER_GLOBAL_ACCENT_COLOR_NAME = AccentColor;
				CODE_SIGN_STYLE = Automatic;
				CURRENT_PROJECT_VERSION = 1;
				DEVELOPMENT_ASSET_PATHS = "\"yogiyo/Preview Content\"";
				DEVELOPMENT_TEAM = UD9M4A4K8F;
				ENABLE_PREVIEWS = YES;
				GENERATE_INFOPLIST_FILE = YES;
				INFOPLIST_KEY_UIApplicationSceneManifest_Generation = YES;
				INFOPLIST_KEY_UIApplicationSupportsIndirectInputEvents = YES;
				INFOPLIST_KEY_UILaunchScreen_Generation = YES;
				INFOPLIST_KEY_UISupportedInterfaceOrientations_iPad = "UIInterfaceOrientationPortrait UIInterfaceOrientationPortraitUpsideDown UIInterfaceOrientationLandscapeLeft UIInterfaceOrientationLandscapeRight";
				INFOPLIST_KEY_UISupportedInterfaceOrientations_iPhone = "UIInterfaceOrientationPortrait UIInterfaceOrientationLandscapeLeft UIInterfaceOrientationLandscapeRight";
				LD_RUNPATH_SEARCH_PATHS = (
					"$(inherited)",
					"@executable_path/Frameworks",
				);
				MARKETING_VERSION = 1.0;
				PRODUCT_BUNDLE_IDENTIFIER = kr.co.yogiyo;
				PRODUCT_NAME = "$(TARGET_NAME)";
				SWIFT_EMIT_LOC_STRINGS = YES;
				SWIFT_VERSION = 5.0;
				TARGETED_DEVICE_FAMILY = "1,2";
			};
			name = Debug;
		};
		62619D562A38C46400CF472D /* Release */ = {
			isa = XCBuildConfiguration;
			buildSettings = {
				ASSETCATALOG_COMPILER_APPICON_NAME = AppIcon;
				ASSETCATALOG_COMPILER_GLOBAL_ACCENT_COLOR_NAME = AccentColor;
				CODE_SIGN_STYLE = Automatic;
				CURRENT_PROJECT_VERSION = 1;
				DEVELOPMENT_ASSET_PATHS = "\"yogiyo/Preview Content\"";
				DEVELOPMENT_TEAM = UD9M4A4K8F;
				ENABLE_PREVIEWS = YES;
				GENERATE_INFOPLIST_FILE = YES;
				INFOPLIST_KEY_UIApplicationSceneManifest_Generation = YES;
				INFOPLIST_KEY_UIApplicationSupportsIndirectInputEvents = YES;
				INFOPLIST_KEY_UILaunchScreen_Generation = YES;
				INFOPLIST_KEY_UISupportedInterfaceOrientations_iPad = "UIInterfaceOrientationPortrait UIInterfaceOrientationPortraitUpsideDown UIInterfaceOrientationLandscapeLeft UIInterfaceOrientationLandscapeRight";
				INFOPLIST_KEY_UISupportedInterfaceOrientations_iPhone = "UIInterfaceOrientationPortrait UIInterfaceOrientationLandscapeLeft UIInterfaceOrientationLandscapeRight";
				LD_RUNPATH_SEARCH_PATHS = (
					"$(inherited)",
					"@executable_path/Frameworks",
				);
				MARKETING_VERSION = 1.0;
				PRODUCT_BUNDLE_IDENTIFIER = kr.co.yogiyo;
				PRODUCT_NAME = "$(TARGET_NAME)";
				SWIFT_EMIT_LOC_STRINGS = YES;
				SWIFT_VERSION = 5.0;
				TARGETED_DEVICE_FAMILY = "1,2";
			};
			name = Release;
		};
/* End XCBuildConfiguration section */

/* Begin XCConfigurationList section */
		62619D412A38C46300CF472D /* Build configuration list for PBXProject "yogiyo" */ = {
			isa = XCConfigurationList;
			buildConfigurations = (
				62619D522A38C46400CF472D /* Debug */,
				62619D532A38C46400CF472D /* Release */,
			);
			defaultConfigurationIsVisible = 0;
			defaultConfigurationName = Release;
		};
		62619D542A38C46400CF472D /* Build configuration list for PBXNativeTarget "yogiyo" */ = {
			isa = XCConfigurationList;
			buildConfigurations = (
				62619D552A38C46400CF472D /* Debug */,
				62619D562A38C46400CF472D /* Release */,
			);
			defaultConfigurationIsVisible = 0;
			defaultConfigurationName = Release;
		};
/* End XCConfigurationList section */
	};
	rootObject = 62619D3E2A38C46300CF472D /* Project object */;
}
